
Microsoft Visual Studio Solution File, Format Version 12.00
# Visual Studio 15
VisualStudioVersion = 15.0.28010.2003
MinimumVisualStudioVersion = 10.0.40219.1
Project("{FAE04EC0-301F-11D3-BF4B-00C04F79EFBC}") = "InfoMovies.Android", "InfoMovies\InfoMovies.Android\InfoMovies.Android.csproj", "{9E0570AA-488F-430E-9604-FE6A3ADBBCD3}"
EndProject
Project("{FAE04EC0-301F-11D3-BF4B-00C04F79EFBC}") = "InfoMovies.iOS", "InfoMovies\InfoMovies.iOS\InfoMovies.iOS.csproj", "{B25E2B7D-83EA-4FAA-BA23-D6BDB0F1B9A6}"
EndProject
Project("{9A19103F-16F7-4668-BE54-9A1E7A4F7556}") = "InfoMovies", "InfoMovies\InfoMovies\InfoMovies.csproj", "{B07B7CBE-E2DC-482D-83B0-4D1FAC437FB3}"
EndProject
Project("{2150E333-8FDC-42A3-9474-1A3956D46DE8}") = "Source", "Source", "{B54B7115-EF4B-4820-9ABF-1B7C8758957B}"
EndProject
Project("{2150E333-8FDC-42A3-9474-1A3956D46DE8}") = "Tests", "Tests", "{231FE813-1F9C-40C7-A746-578639C2F7F0}"
EndProject
Project("{9A19103F-16F7-4668-BE54-9A1E7A4F7556}") = "InfoMovies.Tests", "InfoMovies2.Tests\InfoMovies.Tests.csproj", "{B5DBDB79-8356-42AC-ACA2-0D356DB42549}"
EndProject
Global
	GlobalSection(SolutionConfigurationPlatforms) = preSolution
		Ad-Hoc|Any CPU = Ad-Hoc|Any CPU
		Ad-Hoc|iPhone = Ad-Hoc|iPhone
		Ad-Hoc|iPhoneSimulator = Ad-Hoc|iPhoneSimulator
		AppStore|Any CPU = AppStore|Any CPU
		AppStore|iPhone = AppStore|iPhone
		AppStore|iPhoneSimulator = AppStore|iPhoneSimulator
		Debug|Any CPU = Debug|Any CPU
		Debug|iPhone = Debug|iPhone
		Debug|iPhoneSimulator = Debug|iPhoneSimulator
		Release|Any CPU = Release|Any CPU
		Release|iPhone = Release|iPhone
		Release|iPhoneSimulator = Release|iPhoneSimulator
	EndGlobalSection
	GlobalSection(ProjectConfigurationPlatforms) = postSolution
		{9E0570AA-488F-430E-9604-FE6A3ADBBCD3}.Ad-Hoc|Any CPU.ActiveCfg = Release|Any CPU
		{9E0570AA-488F-430E-9604-FE6A3ADBBCD3}.Ad-Hoc|Any CPU.Build.0 = Release|Any CPU
		{9E0570AA-488F-430E-9604-FE6A3ADBBCD3}.Ad-Hoc|Any CPU.Deploy.0 = Release|Any CPU
		{9E0570AA-488F-430E-9604-FE6A3ADBBCD3}.Ad-Hoc|iPhone.ActiveCfg = Release|Any CPU
		{9E0570AA-488F-430E-9604-FE6A3ADBBCD3}.Ad-Hoc|iPhone.Build.0 = Release|Any CPU
		{9E0570AA-488F-430E-9604-FE6A3ADBBCD3}.Ad-Hoc|iPhone.Deploy.0 = Release|Any CPU
		{9E0570AA-488F-430E-9604-FE6A3ADBBCD3}.Ad-Hoc|iPhoneSimulator.ActiveCfg = Release|Any CPU
		{9E0570AA-488F-430E-9604-FE6A3ADBBCD3}.Ad-Hoc|iPhoneSimulator.Build.0 = Release|Any CPU
		{9E0570AA-488F-430E-9604-FE6A3ADBBCD3}.Ad-Hoc|iPhoneSimulator.Deploy.0 = Release|Any CPU
		{9E0570AA-488F-430E-9604-FE6A3ADBBCD3}.AppStore|Any CPU.ActiveCfg = Release|Any CPU
		{9E0570AA-488F-430E-9604-FE6A3ADBBCD3}.AppStore|Any CPU.Build.0 = Release|Any CPU
		{9E0570AA-488F-430E-9604-FE6A3ADBBCD3}.AppStore|Any CPU.Deploy.0 = Release|Any CPU
		{9E0570AA-488F-430E-9604-FE6A3ADBBCD3}.AppStore|iPhone.ActiveCfg = Release|Any CPU
		{9E0570AA-488F-430E-9604-FE6A3ADBBCD3}.AppStore|iPhone.Build.0 = Release|Any CPU
		{9E0570AA-488F-430E-9604-FE6A3ADBBCD3}.AppStore|iPhone.Deploy.0 = Release|Any CPU
		{9E0570AA-488F-430E-9604-FE6A3ADBBCD3}.AppStore|iPhoneSimulator.ActiveCfg = Release|Any CPU
		{9E0570AA-488F-430E-9604-FE6A3ADBBCD3}.AppStore|iPhoneSimulator.Build.0 = Release|Any CPU
		{9E0570AA-488F-430E-9604-FE6A3ADBBCD3}.AppStore|iPhoneSimulator.Deploy.0 = Release|Any CPU
		{9E0570AA-488F-430E-9604-FE6A3ADBBCD3}.Debug|Any CPU.ActiveCfg = Debug|Any CPU
		{9E0570AA-488F-430E-9604-FE6A3ADBBCD3}.Debug|Any CPU.Build.0 = Debug|Any CPU
		{9E0570AA-488F-430E-9604-FE6A3ADBBCD3}.Debug|Any CPU.Deploy.0 = Debug|Any CPU
		{9E0570AA-488F-430E-9604-FE6A3ADBBCD3}.Debug|iPhone.ActiveCfg = Debug|Any CPU
		{9E0570AA-488F-430E-9604-FE6A3ADBBCD3}.Debug|iPhone.Build.0 = Debug|Any CPU
		{9E0570AA-488F-430E-9604-FE6A3ADBBCD3}.Debug|iPhone.Deploy.0 = Debug|Any CPU
		{9E0570AA-488F-430E-9604-FE6A3ADBBCD3}.Debug|iPhoneSimulator.ActiveCfg = Debug|Any CPU
		{9E0570AA-488F-430E-9604-FE6A3ADBBCD3}.Debug|iPhoneSimulator.Build.0 = Debug|Any CPU
		{9E0570AA-488F-430E-9604-FE6A3ADBBCD3}.Debug|iPhoneSimulator.Deploy.0 = Debug|Any CPU
		{9E0570AA-488F-430E-9604-FE6A3ADBBCD3}.Release|Any CPU.ActiveCfg = Release|Any CPU
		{9E0570AA-488F-430E-9604-FE6A3ADBBCD3}.Release|Any CPU.Build.0 = Release|Any CPU
		{9E0570AA-488F-430E-9604-FE6A3ADBBCD3}.Release|Any CPU.Deploy.0 = Release|Any CPU
		{9E0570AA-488F-430E-9604-FE6A3ADBBCD3}.Release|iPhone.ActiveCfg = Release|Any CPU
		{9E0570AA-488F-430E-9604-FE6A3ADBBCD3}.Release|iPhone.Build.0 = Release|Any CPU
		{9E0570AA-488F-430E-9604-FE6A3ADBBCD3}.Release|iPhone.Deploy.0 = Release|Any CPU
		{9E0570AA-488F-430E-9604-FE6A3ADBBCD3}.Release|iPhoneSimulator.ActiveCfg = Release|Any CPU
		{9E0570AA-488F-430E-9604-FE6A3ADBBCD3}.Release|iPhoneSimulator.Build.0 = Release|Any CPU
		{9E0570AA-488F-430E-9604-FE6A3ADBBCD3}.Release|iPhoneSimulator.Deploy.0 = Release|Any CPU
		{B25E2B7D-83EA-4FAA-BA23-D6BDB0F1B9A6}.Ad-Hoc|Any CPU.ActiveCfg = Ad-Hoc|iPhone
		{B25E2B7D-83EA-4FAA-BA23-D6BDB0F1B9A6}.Ad-Hoc|Any CPU.Build.0 = Ad-Hoc|iPhone
		{B25E2B7D-83EA-4FAA-BA23-D6BDB0F1B9A6}.Ad-Hoc|Any CPU.Deploy.0 = Ad-Hoc|iPhone
		{B25E2B7D-83EA-4FAA-BA23-D6BDB0F1B9A6}.Ad-Hoc|iPhone.ActiveCfg = Ad-Hoc|iPhone
		{B25E2B7D-83EA-4FAA-BA23-D6BDB0F1B9A6}.Ad-Hoc|iPhone.Build.0 = Ad-Hoc|iPhone
		{B25E2B7D-83EA-4FAA-BA23-D6BDB0F1B9A6}.Ad-Hoc|iPhone.Deploy.0 = Ad-Hoc|iPhone
		{B25E2B7D-83EA-4FAA-BA23-D6BDB0F1B9A6}.Ad-Hoc|iPhoneSimulator.ActiveCfg = Ad-Hoc|iPhoneSimulator
		{B25E2B7D-83EA-4FAA-BA23-D6BDB0F1B9A6}.Ad-Hoc|iPhoneSimulator.Build.0 = Ad-Hoc|iPhoneSimulator
		{B25E2B7D-83EA-4FAA-BA23-D6BDB0F1B9A6}.Ad-Hoc|iPhoneSimulator.Deploy.0 = Ad-Hoc|iPhoneSimulator
		{B25E2B7D-83EA-4FAA-BA23-D6BDB0F1B9A6}.AppStore|Any CPU.ActiveCfg = AppStore|iPhone
		{B25E2B7D-83EA-4FAA-BA23-D6BDB0F1B9A6}.AppStore|Any CPU.Build.0 = AppStore|iPhone
		{B25E2B7D-83EA-4FAA-BA23-D6BDB0F1B9A6}.AppStore|Any CPU.Deploy.0 = AppStore|iPhone
		{B25E2B7D-83EA-4FAA-BA23-D6BDB0F1B9A6}.AppStore|iPhone.ActiveCfg = AppStore|iPhone
		{B25E2B7D-83EA-4FAA-BA23-D6BDB0F1B9A6}.AppStore|iPhone.Build.0 = AppStore|iPhone
		{B25E2B7D-83EA-4FAA-BA23-D6BDB0F1B9A6}.AppStore|iPhone.Deploy.0 = AppStore|iPhone
		{B25E2B7D-83EA-4FAA-BA23-D6BDB0F1B9A6}.AppStore|iPhoneSimulator.ActiveCfg = AppStore|iPhoneSimulator
		{B25E2B7D-83EA-4FAA-BA23-D6BDB0F1B9A6}.AppStore|iPhoneSimulator.Build.0 = AppStore|iPhoneSimulator
		{B25E2B7D-83EA-4FAA-BA23-D6BDB0F1B9A6}.AppStore|iPhoneSimulator.Deploy.0 = AppStore|iPhoneSimulator
		{B25E2B7D-83EA-4FAA-BA23-D6BDB0F1B9A6}.Debug|Any CPU.ActiveCfg = Debug|iPhoneSimulator
		{B25E2B7D-83EA-4FAA-BA23-D6BDB0F1B9A6}.Debug|Any CPU.Build.0 = Debug|iPhoneSimulator
		{B25E2B7D-83EA-4FAA-BA23-D6BDB0F1B9A6}.Debug|Any CPU.Deploy.0 = Debug|iPhoneSimulator
		{B25E2B7D-83EA-4FAA-BA23-D6BDB0F1B9A6}.Debug|iPhone.ActiveCfg = Debug|iPhone
		{B25E2B7D-83EA-4FAA-BA23-D6BDB0F1B9A6}.Debug|iPhone.Build.0 = Debug|iPhone
		{B25E2B7D-83EA-4FAA-BA23-D6BDB0F1B9A6}.Debug|iPhone.Deploy.0 = Debug|iPhone
		{B25E2B7D-83EA-4FAA-BA23-D6BDB0F1B9A6}.Debug|iPhoneSimulator.ActiveCfg = Debug|iPhoneSimulator
		{B25E2B7D-83EA-4FAA-BA23-D6BDB0F1B9A6}.Debug|iPhoneSimulator.Build.0 = Debug|iPhoneSimulator
		{B25E2B7D-83EA-4FAA-BA23-D6BDB0F1B9A6}.Debug|iPhoneSimulator.Deploy.0 = Debug|iPhoneSimulator
		{B25E2B7D-83EA-4FAA-BA23-D6BDB0F1B9A6}.Release|Any CPU.ActiveCfg = Release|iPhone
		{B25E2B7D-83EA-4FAA-BA23-D6BDB0F1B9A6}.Release|Any CPU.Build.0 = Release|iPhone
		{B25E2B7D-83EA-4FAA-BA23-D6BDB0F1B9A6}.Release|Any CPU.Deploy.0 = Release|iPhone
		{B25E2B7D-83EA-4FAA-BA23-D6BDB0F1B9A6}.Release|iPhone.ActiveCfg = Release|iPhone
		{B25E2B7D-83EA-4FAA-BA23-D6BDB0F1B9A6}.Release|iPhone.Build.0 = Release|iPhone
		{B25E2B7D-83EA-4FAA-BA23-D6BDB0F1B9A6}.Release|iPhone.Deploy.0 = Release|iPhone
		{B25E2B7D-83EA-4FAA-BA23-D6BDB0F1B9A6}.Release|iPhoneSimulator.ActiveCfg = Release|iPhoneSimulator
		{B25E2B7D-83EA-4FAA-BA23-D6BDB0F1B9A6}.Release|iPhoneSimulator.Build.0 = Release|iPhoneSimulator
		{B25E2B7D-83EA-4FAA-BA23-D6BDB0F1B9A6}.Release|iPhoneSimulator.Deploy.0 = Release|iPhoneSimulator
		{B07B7CBE-E2DC-482D-83B0-4D1FAC437FB3}.Ad-Hoc|Any CPU.ActiveCfg = Debug|Any CPU
		{B07B7CBE-E2DC-482D-83B0-4D1FAC437FB3}.Ad-Hoc|Any CPU.Build.0 = Debug|Any CPU
		{B07B7CBE-E2DC-482D-83B0-4D1FAC437FB3}.Ad-Hoc|Any CPU.Deploy.0 = Debug|Any CPU
		{B07B7CBE-E2DC-482D-83B0-4D1FAC437FB3}.Ad-Hoc|iPhone.ActiveCfg = Debug|Any CPU
		{B07B7CBE-E2DC-482D-83B0-4D1FAC437FB3}.Ad-Hoc|iPhone.Build.0 = Debug|Any CPU
		{B07B7CBE-E2DC-482D-83B0-4D1FAC437FB3}.Ad-Hoc|iPhone.Deploy.0 = Debug|Any CPU
		{B07B7CBE-E2DC-482D-83B0-4D1FAC437FB3}.Ad-Hoc|iPhoneSimulator.ActiveCfg = Debug|Any CPU
		{B07B7CBE-E2DC-482D-83B0-4D1FAC437FB3}.Ad-Hoc|iPhoneSimulator.Build.0 = Debug|Any CPU
		{B07B7CBE-E2DC-482D-83B0-4D1FAC437FB3}.Ad-Hoc|iPhoneSimulator.Deploy.0 = Debug|Any CPU
		{B07B7CBE-E2DC-482D-83B0-4D1FAC437FB3}.AppStore|Any CPU.ActiveCfg = Debug|Any CPU
		{B07B7CBE-E2DC-482D-83B0-4D1FAC437FB3}.AppStore|Any CPU.Build.0 = Debug|Any CPU
		{B07B7CBE-E2DC-482D-83B0-4D1FAC437FB3}.AppStore|Any CPU.Deploy.0 = Debug|Any CPU
		{B07B7CBE-E2DC-482D-83B0-4D1FAC437FB3}.AppStore|iPhone.ActiveCfg = Debug|Any CPU
		{B07B7CBE-E2DC-482D-83B0-4D1FAC437FB3}.AppStore|iPhone.Build.0 = Debug|Any CPU
		{B07B7CBE-E2DC-482D-83B0-4D1FAC437FB3}.AppStore|iPhone.Deploy.0 = Debug|Any CPU
		{B07B7CBE-E2DC-482D-83B0-4D1FAC437FB3}.AppStore|iPhoneSimulator.ActiveCfg = Debug|Any CPU
		{B07B7CBE-E2DC-482D-83B0-4D1FAC437FB3}.AppStore|iPhoneSimulator.Build.0 = Debug|Any CPU
		{B07B7CBE-E2DC-482D-83B0-4D1FAC437FB3}.AppStore|iPhoneSimulator.Deploy.0 = Debug|Any CPU
		{B07B7CBE-E2DC-482D-83B0-4D1FAC437FB3}.Debug|Any CPU.ActiveCfg = Debug|Any CPU
		{B07B7CBE-E2DC-482D-83B0-4D1FAC437FB3}.Debug|Any CPU.Build.0 = Debug|Any CPU
		{B07B7CBE-E2DC-482D-83B0-4D1FAC437FB3}.Debug|Any CPU.Deploy.0 = Debug|Any CPU
		{B07B7CBE-E2DC-482D-83B0-4D1FAC437FB3}.Debug|iPhone.ActiveCfg = Debug|Any CPU
		{B07B7CBE-E2DC-482D-83B0-4D1FAC437FB3}.Debug|iPhone.Build.0 = Debug|Any CPU
		{B07B7CBE-E2DC-482D-83B0-4D1FAC437FB3}.Debug|iPhone.Deploy.0 = Debug|Any CPU
		{B07B7CBE-E2DC-482D-83B0-4D1FAC437FB3}.Debug|iPhoneSimulator.ActiveCfg = Debug|Any CPU
		{B07B7CBE-E2DC-482D-83B0-4D1FAC437FB3}.Debug|iPhoneSimulator.Build.0 = Debug|Any CPU
		{B07B7CBE-E2DC-482D-83B0-4D1FAC437FB3}.Debug|iPhoneSimulator.Deploy.0 = Debug|Any CPU
		{B07B7CBE-E2DC-482D-83B0-4D1FAC437FB3}.Release|Any CPU.ActiveCfg = Release|Any CPU
		{B07B7CBE-E2DC-482D-83B0-4D1FAC437FB3}.Release|Any CPU.Build.0 = Release|Any CPU
		{B07B7CBE-E2DC-482D-83B0-4D1FAC437FB3}.Release|Any CPU.Deploy.0 = Release|Any CPU
		{B07B7CBE-E2DC-482D-83B0-4D1FAC437FB3}.Release|iPhone.ActiveCfg = Release|Any CPU
		{B07B7CBE-E2DC-482D-83B0-4D1FAC437FB3}.Release|iPhone.Build.0 = Release|Any CPU
		{B07B7CBE-E2DC-482D-83B0-4D1FAC437FB3}.Release|iPhone.Deploy.0 = Release|Any CPU
		{B07B7CBE-E2DC-482D-83B0-4D1FAC437FB3}.Release|iPhoneSimulator.ActiveCfg = Release|Any CPU
		{B07B7CBE-E2DC-482D-83B0-4D1FAC437FB3}.Release|iPhoneSimulator.Build.0 = Release|Any CPU
		{B07B7CBE-E2DC-482D-83B0-4D1FAC437FB3}.Release|iPhoneSimulator.Deploy.0 = Release|Any CPU
		{B5DBDB79-8356-42AC-ACA2-0D356DB42549}.Ad-Hoc|Any CPU.ActiveCfg = Debug|Any CPU
		{B5DBDB79-8356-42AC-ACA2-0D356DB42549}.Ad-Hoc|Any CPU.Build.0 = Debug|Any CPU
		{B5DBDB79-8356-42AC-ACA2-0D356DB42549}.Ad-Hoc|iPhone.ActiveCfg = Debug|Any CPU
		{B5DBDB79-8356-42AC-ACA2-0D356DB42549}.Ad-Hoc|iPhone.Build.0 = Debug|Any CPU
		{B5DBDB79-8356-42AC-ACA2-0D356DB42549}.Ad-Hoc|iPhoneSimulator.ActiveCfg = Debug|Any CPU
		{B5DBDB79-8356-42AC-ACA2-0D356DB42549}.Ad-Hoc|iPhoneSimulator.Build.0 = Debug|Any CPU
		{B5DBDB79-8356-42AC-ACA2-0D356DB42549}.AppStore|Any CPU.ActiveCfg = Debug|Any CPU
		{B5DBDB79-8356-42AC-ACA2-0D356DB42549}.AppStore|Any CPU.Build.0 = Debug|Any CPU
		{B5DBDB79-8356-42AC-ACA2-0D356DB42549}.AppStore|iPhone.ActiveCfg = Debug|Any CPU
		{B5DBDB79-8356-42AC-ACA2-0D356DB42549}.AppStore|iPhone.Build.0 = Debug|Any CPU
		{B5DBDB79-8356-42AC-ACA2-0D356DB42549}.AppStore|iPhoneSimulator.ActiveCfg = Debug|Any CPU
		{B5DBDB79-8356-42AC-ACA2-0D356DB42549}.AppStore|iPhoneSimulator.Build.0 = Debug|Any CPU
		{B5DBDB79-8356-42AC-ACA2-0D356DB42549}.Debug|Any CPU.ActiveCfg = Debug|Any CPU
		{B5DBDB79-8356-42AC-ACA2-0D356DB42549}.Debug|Any CPU.Build.0 = Debug|Any CPU
		{B5DBDB79-8356-42AC-ACA2-0D356DB42549}.Debug|iPhone.ActiveCfg = Debug|Any CPU
		{B5DBDB79-8356-42AC-ACA2-0D356DB42549}.Debug|iPhone.Build.0 = Debug|Any CPU
		{B5DBDB79-8356-42AC-ACA2-0D356DB42549}.Debug|iPhoneSimulator.ActiveCfg = Debug|Any CPU
		{B5DBDB79-8356-42AC-ACA2-0D356DB42549}.Debug|iPhoneSimulator.Build.0 = Debug|Any CPU
		{B5DBDB79-8356-42AC-ACA2-0D356DB42549}.Release|Any CPU.ActiveCfg = Release|Any CPU
		{B5DBDB79-8356-42AC-ACA2-0D356DB42549}.Release|Any CPU.Build.0 = Release|Any CPU
		{B5DBDB79-8356-42AC-ACA2-0D356DB42549}.Release|iPhone.ActiveCfg = Release|Any CPU
		{B5DBDB79-8356-42AC-ACA2-0D356DB42549}.Release|iPhone.Build.0 = Release|Any CPU
		{B5DBDB79-8356-42AC-ACA2-0D356DB42549}.Release|iPhoneSimulator.ActiveCfg = Release|Any CPU
		{B5DBDB79-8356-42AC-ACA2-0D356DB42549}.Release|iPhoneSimulator.Build.0 = Release|Any CPU
	EndGlobalSection
	GlobalSection(SolutionProperties) = preSolution
		HideSolutionNode = FALSE
	EndGlobalSection
	GlobalSection(NestedProjects) = preSolution
		{9E0570AA-488F-430E-9604-FE6A3ADBBCD3} = {B54B7115-EF4B-4820-9ABF-1B7C8758957B}
		{B25E2B7D-83EA-4FAA-BA23-D6BDB0F1B9A6} = {B54B7115-EF4B-4820-9ABF-1B7C8758957B}
		{B07B7CBE-E2DC-482D-83B0-4D1FAC437FB3} = {B54B7115-EF4B-4820-9ABF-1B7C8758957B}
		{B5DBDB79-8356-42AC-ACA2-0D356DB42549} = {231FE813-1F9C-40C7-A746-578639C2F7F0}
	EndGlobalSection
	GlobalSection(ExtensibilityGlobals) = postSolution
		SolutionGuid = {E83A1162-5619-4630-BDCF-A00D7A0BD0FF}
	EndGlobalSection
EndGlobal
